
Microsoft Visual Studio Solution File, Format Version 12.00
# Visual Studio 15
VisualStudioVersion = 15.0.28307.421
MinimumVisualStudioVersion = 10.0.40219.1
Project("{FAE04EC0-301F-11D3-BF4B-00C04F79EFBC}") = "testsql", "testsql\testsql.csproj", "{BFFD0C66-448B-421B-81C8-E82360DC12F0}"
EndProject
Global
	GlobalSection(SolutionConfigurationPlatforms) = preSolution
		Debug|Any CPU = Debug|Any CPU
		Release|Any CPU = Release|Any CPU
	EndGlobalSection
	GlobalSection(ProjectConfigurationPlatforms) = postSolution
		{BFFD0C66-448B-421B-81C8-E82360DC12F0}.Debug|Any CPU.ActiveCfg = Debug|Any CPU
		{BFFD0C66-448B-421B-81C8-E82360DC12F0}.Debug|Any CPU.Build.0 = Debug|Any CPU
		{BFFD0C66-448B-421B-81C8-E82360DC12F0}.Release|Any CPU.ActiveCfg = Release|Any CPU
		{BFFD0C66-448B-421B-81C8-E82360DC12F0}.Release|Any CPU.Build.0 = Release|Any CPU
	EndGlobalSection
	GlobalSection(SolutionProperties) = preSolution
		HideSolutionNode = FALSE
	EndGlobalSection
	GlobalSection(ExtensibilityGlobals) = postSolution
		SolutionGuid = {90C93D6D-1A62-49B1-AAA8-034E0A5F9795}
	EndGlobalSection
EndGlobal
